
Microsoft Visual Studio Solution File, Format Version 12.00
# Visual Studio Version 17
VisualStudioVersion = 17.10.34916.146
MinimumVisualStudioVersion = 10.0.40219.1
Project("{9A19103F-16F7-4668-BE54-9A1E7A4F7556}") = "OCR-AI-Grocery", "OCR-AI-Grocery.csproj", "{CEE622EB-DFA1-4843-9792-9BF218806692}"
EndProject
Global
	GlobalSection(SolutionConfigurationPlatforms) = preSolution
		Debug|Any CPU = Debug|Any CPU
		Release|Any CPU = Release|Any CPU
	EndGlobalSection
	GlobalSection(ProjectConfigurationPlatforms) = postSolution
		{CEE622EB-DFA1-4843-9792-9BF218806692}.Debug|Any CPU.ActiveCfg = Debug|Any CPU
		{CEE622EB-DFA1-4843-9792-9BF218806692}.Debug|Any CPU.Build.0 = Debug|Any CPU
		{CEE622EB-DFA1-4843-9792-9BF218806692}.Release|Any CPU.ActiveCfg = Release|Any CPU
		{CEE622EB-DFA1-4843-9792-9BF218806692}.Release|Any CPU.Build.0 = Release|Any CPU
	EndGlobalSection
	GlobalSection(SolutionProperties) = preSolution
		HideSolutionNode = FALSE
	EndGlobalSection
	GlobalSection(ExtensibilityGlobals) = postSolution
		SolutionGuid = {F0CF4F5F-E400-484C-A166-7AF00C9A2117}
	EndGlobalSection
EndGlobal
